
Microsoft Visual Studio Solution File, Format Version 12.00
# Visual Studio 15
VisualStudioVersion = 15.0.28307.421
MinimumVisualStudioVersion = 10.0.40219.1
Project("{FAE04EC0-301F-11D3-BF4B-00C04F79EFBC}") = "ExportSqlDataTableToCompressedCsvDemo", "ExportSqlDataTableToCompressedCsvDemo\ExportSqlDataTableToCompressedCsvDemo.csproj", "{87112ABB-1810-48E6-9A4C-AC5D9C49A506}"
EndProject
Global
	GlobalSection(SolutionConfigurationPlatforms) = preSolution
		Debug|Any CPU = Debug|Any CPU
		Release|Any CPU = Release|Any CPU
	EndGlobalSection
	GlobalSection(ProjectConfigurationPlatforms) = postSolution
		{87112ABB-1810-48E6-9A4C-AC5D9C49A506}.Debug|Any CPU.ActiveCfg = Debug|Any CPU
		{87112ABB-1810-48E6-9A4C-AC5D9C49A506}.Debug|Any CPU.Build.0 = Debug|Any CPU
		{87112ABB-1810-48E6-9A4C-AC5D9C49A506}.Release|Any CPU.ActiveCfg = Release|Any CPU
		{87112ABB-1810-48E6-9A4C-AC5D9C49A506}.Release|Any CPU.Build.0 = Release|Any CPU
	EndGlobalSection
	GlobalSection(SolutionProperties) = preSolution
		HideSolutionNode = FALSE
	EndGlobalSection
	GlobalSection(ExtensibilityGlobals) = postSolution
		SolutionGuid = {A98C1B81-3481-4865-8A08-CE4E019B58FB}
	EndGlobalSection
EndGlobal
